
Microsoft Visual Studio Solution File, Format Version 12.00
# Visual Studio Version 16
VisualStudioVersion = 16.0.810.13
MinimumVisualStudioVersion = 10.0.40219.1
Project("{FAE04EC0-301F-11D3-BF4B-00C04F79EFBC}") = "OOP-Bai8", "OOP-Bai8\OOP-Bai8.csproj", "{9BF6E5F3-213D-45B1-B4A6-035725710DA2}"
EndProject
Global
	GlobalSection(SolutionConfigurationPlatforms) = preSolution
		Debug|anycpu = Debug|anycpu
		Release|anycpu = Release|anycpu
	EndGlobalSection
	GlobalSection(ProjectConfigurationPlatforms) = postSolution
		{9BF6E5F3-213D-45B1-B4A6-035725710DA2}.Debug|anycpu.ActiveCfg = Debug|anycpu
		{9BF6E5F3-213D-45B1-B4A6-035725710DA2}.Debug|anycpu.Build.0 = Debug|anycpu
		{9BF6E5F3-213D-45B1-B4A6-035725710DA2}.Release|anycpu.ActiveCfg = Release|anycpu
		{9BF6E5F3-213D-45B1-B4A6-035725710DA2}.Release|anycpu.Build.0 = Release|anycpu
	EndGlobalSection
	GlobalSection(SolutionProperties) = preSolution
		HideSolutionNode = FALSE
	EndGlobalSection
	GlobalSection(ExtensibilityGlobals) = postSolution
		SolutionGuid = {B574B033-ED6C-40E9-8C49-B72FBF7781D2}
	EndGlobalSection
EndGlobal
