
Microsoft Visual Studio Solution File, Format Version 12.00
# Visual Studio Version 16
VisualStudioVersion = 16.0.810.13
MinimumVisualStudioVersion = 10.0.40219.1
Project("{FAE04EC0-301F-11D3-BF4B-00C04F79EFBC}") = "OOP-Bai2", "OOP-Bai2\OOP-Bai2.csproj", "{03743046-9FBE-48EC-95F0-E9B42009DC72}"
EndProject
Global
	GlobalSection(SolutionConfigurationPlatforms) = preSolution
		Debug|anycpu = Debug|anycpu
		Release|anycpu = Release|anycpu
	EndGlobalSection
	GlobalSection(ProjectConfigurationPlatforms) = postSolution
		{03743046-9FBE-48EC-95F0-E9B42009DC72}.Debug|anycpu.ActiveCfg = Debug|anycpu
		{03743046-9FBE-48EC-95F0-E9B42009DC72}.Debug|anycpu.Build.0 = Debug|anycpu
		{03743046-9FBE-48EC-95F0-E9B42009DC72}.Release|anycpu.ActiveCfg = Release|anycpu
		{03743046-9FBE-48EC-95F0-E9B42009DC72}.Release|anycpu.Build.0 = Release|anycpu
	EndGlobalSection
	GlobalSection(SolutionProperties) = preSolution
		HideSolutionNode = FALSE
	EndGlobalSection
	GlobalSection(ExtensibilityGlobals) = postSolution
		SolutionGuid = {F360BF8D-5FA8-440B-A13E-276E717D338E}
	EndGlobalSection
EndGlobal
